
Microsoft Visual Studio Solution File, Format Version 12.00
# Visual Studio Version 17
VisualStudioVersion = 17.2.32630.192
MinimumVisualStudioVersion = 10.0.40219.1
Project("{FAE04EC0-301F-11D3-BF4B-00C04F79EFBC}") = "Wordle", "Wordle.csproj", "{EF3DD6F7-B195-471E-A87D-6F40E6BBDC76}"
EndProject
Global
	GlobalSection(SolutionConfigurationPlatforms) = preSolution
		Debug|Any CPU = Debug|Any CPU
		Release|Any CPU = Release|Any CPU
	EndGlobalSection
	GlobalSection(ProjectConfigurationPlatforms) = postSolution
		{EF3DD6F7-B195-471E-A87D-6F40E6BBDC76}.Debug|Any CPU.ActiveCfg = Debug|Any CPU
		{EF3DD6F7-B195-471E-A87D-6F40E6BBDC76}.Debug|Any CPU.Build.0 = Debug|Any CPU
		{EF3DD6F7-B195-471E-A87D-6F40E6BBDC76}.Release|Any CPU.ActiveCfg = Release|Any CPU
		{EF3DD6F7-B195-471E-A87D-6F40E6BBDC76}.Release|Any CPU.Build.0 = Release|Any CPU
	EndGlobalSection
	GlobalSection(SolutionProperties) = preSolution
		HideSolutionNode = FALSE
	EndGlobalSection
	GlobalSection(ExtensibilityGlobals) = postSolution
		SolutionGuid = {6BAACADD-39E6-4BA2-8881-DE3A07206F0E}
	EndGlobalSection
EndGlobal
